
Microsoft Visual Studio Solution File, Format Version 12.00
# Visual Studio 2013
VisualStudioVersion = 12.0.31101.0
MinimumVisualStudioVersion = 10.0.40219.1
Project("{FAE04EC0-301F-11D3-BF4B-00C04F79EFBC}") = "TradeServices", "TradeServices\TradeServices.csproj", "{4416409C-AA7B-4B72-AA5C-8D164D487C47}"
EndProject
Project("{FAE04EC0-301F-11D3-BF4B-00C04F79EFBC}") = "ConsoleHostTS", "ConsoleHostTS\ConsoleHostTS.csproj", "{D38C96D7-CD70-4067-A42E-AD3513D787F2}"
EndProject
Project("{FAE04EC0-301F-11D3-BF4B-00C04F79EFBC}") = "UnitTestTradeService", "UnitTestTradeService\UnitTestTradeService.csproj", "{B4ED7733-4C48-4DB4-A8B2-53FA4DE4EC68}"
EndProject
Project("{FAE04EC0-301F-11D3-BF4B-00C04F79EFBC}") = "TradeServiceHost", "TradeServiceHost\TradeServiceHost.csproj", "{33854CB3-2514-4B88-8DBB-430022FDD867}"
EndProject
Global
	GlobalSection(SolutionConfigurationPlatforms) = preSolution
		Debug|Any CPU = Debug|Any CPU
		Release|Any CPU = Release|Any CPU
	EndGlobalSection
	GlobalSection(ProjectConfigurationPlatforms) = postSolution
		{4416409C-AA7B-4B72-AA5C-8D164D487C47}.Debug|Any CPU.ActiveCfg = Debug|Any CPU
		{4416409C-AA7B-4B72-AA5C-8D164D487C47}.Debug|Any CPU.Build.0 = Debug|Any CPU
		{4416409C-AA7B-4B72-AA5C-8D164D487C47}.Release|Any CPU.ActiveCfg = Release|Any CPU
		{4416409C-AA7B-4B72-AA5C-8D164D487C47}.Release|Any CPU.Build.0 = Release|Any CPU
		{D38C96D7-CD70-4067-A42E-AD3513D787F2}.Debug|Any CPU.ActiveCfg = Debug|Any CPU
		{D38C96D7-CD70-4067-A42E-AD3513D787F2}.Debug|Any CPU.Build.0 = Debug|Any CPU
		{D38C96D7-CD70-4067-A42E-AD3513D787F2}.Release|Any CPU.ActiveCfg = Release|Any CPU
		{D38C96D7-CD70-4067-A42E-AD3513D787F2}.Release|Any CPU.Build.0 = Release|Any CPU
		{B4ED7733-4C48-4DB4-A8B2-53FA4DE4EC68}.Debug|Any CPU.ActiveCfg = Debug|Any CPU
		{B4ED7733-4C48-4DB4-A8B2-53FA4DE4EC68}.Debug|Any CPU.Build.0 = Debug|Any CPU
		{B4ED7733-4C48-4DB4-A8B2-53FA4DE4EC68}.Release|Any CPU.ActiveCfg = Release|Any CPU
		{B4ED7733-4C48-4DB4-A8B2-53FA4DE4EC68}.Release|Any CPU.Build.0 = Release|Any CPU
		{33854CB3-2514-4B88-8DBB-430022FDD867}.Debug|Any CPU.ActiveCfg = Debug|Any CPU
		{33854CB3-2514-4B88-8DBB-430022FDD867}.Debug|Any CPU.Build.0 = Debug|Any CPU
		{33854CB3-2514-4B88-8DBB-430022FDD867}.Release|Any CPU.ActiveCfg = Release|Any CPU
		{33854CB3-2514-4B88-8DBB-430022FDD867}.Release|Any CPU.Build.0 = Release|Any CPU
	EndGlobalSection
	GlobalSection(SolutionProperties) = preSolution
		HideSolutionNode = FALSE
	EndGlobalSection
EndGlobal
